
Microsoft Visual Studio Solution File, Format Version 12.00
# Visual Studio Version 17
VisualStudioVersion = 17.3.32804.467
MinimumVisualStudioVersion = 10.0.40219.1
Project("{FAE04EC0-301F-11D3-BF4B-00C04F79EFBC}") = "AccountOwnerServer", "AccountOwnerServer\AccountOwnerServer.csproj", "{BC8FDFCB-1973-457D-85DA-2935AE5F98BD}"
EndProject
Global
	GlobalSection(SolutionConfigurationPlatforms) = preSolution
		Debug|Any CPU = Debug|Any CPU
		Release|Any CPU = Release|Any CPU
	EndGlobalSection
	GlobalSection(ProjectConfigurationPlatforms) = postSolution
		{BC8FDFCB-1973-457D-85DA-2935AE5F98BD}.Debug|Any CPU.ActiveCfg = Debug|Any CPU
		{BC8FDFCB-1973-457D-85DA-2935AE5F98BD}.Debug|Any CPU.Build.0 = Debug|Any CPU
		{BC8FDFCB-1973-457D-85DA-2935AE5F98BD}.Release|Any CPU.ActiveCfg = Release|Any CPU
		{BC8FDFCB-1973-457D-85DA-2935AE5F98BD}.Release|Any CPU.Build.0 = Release|Any CPU
	EndGlobalSection
	GlobalSection(SolutionProperties) = preSolution
		HideSolutionNode = FALSE
	EndGlobalSection
	GlobalSection(ExtensibilityGlobals) = postSolution
		SolutionGuid = {9F56C690-A7DB-4990-93C3-04D4241694A8}
	EndGlobalSection
EndGlobal
