
Microsoft Visual Studio Solution File, Format Version 12.00
# Visual Studio Version 17
VisualStudioVersion = 17.2.32616.157
MinimumVisualStudioVersion = 10.0.40219.1
Project("{9A19103F-16F7-4668-BE54-9A1E7A4F7556}") = "Example_namespace", "Example_namespace.csproj", "{0427B074-1475-4AC8-937D-A095E47C864C}"
EndProject
Global
	GlobalSection(SolutionConfigurationPlatforms) = preSolution
		Debug|Any CPU = Debug|Any CPU
		Release|Any CPU = Release|Any CPU
	EndGlobalSection
	GlobalSection(ProjectConfigurationPlatforms) = postSolution
		{0427B074-1475-4AC8-937D-A095E47C864C}.Debug|Any CPU.ActiveCfg = Debug|Any CPU
		{0427B074-1475-4AC8-937D-A095E47C864C}.Debug|Any CPU.Build.0 = Debug|Any CPU
		{0427B074-1475-4AC8-937D-A095E47C864C}.Release|Any CPU.ActiveCfg = Release|Any CPU
		{0427B074-1475-4AC8-937D-A095E47C864C}.Release|Any CPU.Build.0 = Release|Any CPU
	EndGlobalSection
	GlobalSection(SolutionProperties) = preSolution
		HideSolutionNode = FALSE
	EndGlobalSection
	GlobalSection(ExtensibilityGlobals) = postSolution
		SolutionGuid = {D7C6526A-84AC-4C10-A683-89877D56505D}
	EndGlobalSection
EndGlobal
