
Microsoft Visual Studio Solution File, Format Version 12.00
# Visual Studio Version 17
VisualStudioVersion = 17.3.32804.467
MinimumVisualStudioVersion = 10.0.40219.1
Project("{FAE04EC0-301F-11D3-BF4B-00C04F79EFBC}") = "MyFirstWindowsService", "MyFirstWindowsService\MyFirstWindowsService.csproj", "{111EE866-27F9-4AB4-8184-6DF2817DB2EC}"
EndProject
Global
	GlobalSection(SolutionConfigurationPlatforms) = preSolution
		Debug|Any CPU = Debug|Any CPU
		Release|Any CPU = Release|Any CPU
	EndGlobalSection
	GlobalSection(ProjectConfigurationPlatforms) = postSolution
		{111EE866-27F9-4AB4-8184-6DF2817DB2EC}.Debug|Any CPU.ActiveCfg = Debug|Any CPU
		{111EE866-27F9-4AB4-8184-6DF2817DB2EC}.Debug|Any CPU.Build.0 = Debug|Any CPU
		{111EE866-27F9-4AB4-8184-6DF2817DB2EC}.Release|Any CPU.ActiveCfg = Release|Any CPU
		{111EE866-27F9-4AB4-8184-6DF2817DB2EC}.Release|Any CPU.Build.0 = Release|Any CPU
	EndGlobalSection
	GlobalSection(SolutionProperties) = preSolution
		HideSolutionNode = FALSE
	EndGlobalSection
	GlobalSection(ExtensibilityGlobals) = postSolution
		SolutionGuid = {EAB09EA3-F23F-4E70-A275-9F4B600F39D3}
	EndGlobalSection
EndGlobal
