
Microsoft Visual Studio Solution File, Format Version 12.00
# Visual Studio Version 17
VisualStudioVersion = 17.2.32616.157
MinimumVisualStudioVersion = 10.0.40219.1
Project("{2150E333-8FDC-42A3-9474-1A3956D46DE8}") = "Basic CSharp", "Basic CSharp", "{74173135-3664-4CEC-B82B-E868C3C08ED1}"
EndProject
Project("{2150E333-8FDC-42A3-9474-1A3956D46DE8}") = "Basic OOP", "Basic OOP", "{D4D1D486-6345-4B0D-A793-3E3A980283EE}"
EndProject
Project("{2150E333-8FDC-42A3-9474-1A3956D46DE8}") = "Advanced CSharp", "Advanced CSharp", "{E650D49C-248B-49EC-A2C2-9E48F431124B}"
EndProject
Project("{9A19103F-16F7-4668-BE54-9A1E7A4F7556}") = "BankSystem", "Basic OOP\BankSystem\BankSystem.csproj", "{88787E1D-F539-4906-A12E-E505DBFA7A29}"
EndProject
Project("{9A19103F-16F7-4668-BE54-9A1E7A4F7556}") = "HelloWorld", "Basic CSharp\HelloWorld\HelloWorld.csproj", "{A57FF8F3-1166-412D-BE22-4E4DB03E1E5B}"
EndProject
Project("{FAE04EC0-301F-11D3-BF4B-00C04F79EFBC}") = "SiteProjectWeek2", "Basic CSharp\SiteProjectWeek2\SiteProjectWeek2.csproj", "{7FA547DE-05DB-4E83-8369-82C9D12A057D}"
EndProject
Project("{2150E333-8FDC-42A3-9474-1A3956D46DE8}") = "SiteProjects", "SiteProjects", "{39F64831-B46F-41DD-B49E-01621ECC6BC9}"
EndProject
Project("{FAE04EC0-301F-11D3-BF4B-00C04F79EFBC}") = "SiteProjectWeek3", "SiteProjects\csvsiteproject3\SiteProjectWeek3.csproj", "{5AB0EFD2-3397-4621-AD80-DA3ED0F109C8}"
EndProject
Global
	GlobalSection(SolutionConfigurationPlatforms) = preSolution
		Debug|Any CPU = Debug|Any CPU
		Release|Any CPU = Release|Any CPU
	EndGlobalSection
	GlobalSection(ProjectConfigurationPlatforms) = postSolution
		{88787E1D-F539-4906-A12E-E505DBFA7A29}.Debug|Any CPU.ActiveCfg = Debug|Any CPU
		{88787E1D-F539-4906-A12E-E505DBFA7A29}.Debug|Any CPU.Build.0 = Debug|Any CPU
		{88787E1D-F539-4906-A12E-E505DBFA7A29}.Release|Any CPU.ActiveCfg = Release|Any CPU
		{88787E1D-F539-4906-A12E-E505DBFA7A29}.Release|Any CPU.Build.0 = Release|Any CPU
		{A57FF8F3-1166-412D-BE22-4E4DB03E1E5B}.Debug|Any CPU.ActiveCfg = Debug|Any CPU
		{A57FF8F3-1166-412D-BE22-4E4DB03E1E5B}.Debug|Any CPU.Build.0 = Debug|Any CPU
		{A57FF8F3-1166-412D-BE22-4E4DB03E1E5B}.Release|Any CPU.ActiveCfg = Release|Any CPU
		{A57FF8F3-1166-412D-BE22-4E4DB03E1E5B}.Release|Any CPU.Build.0 = Release|Any CPU
		{7FA547DE-05DB-4E83-8369-82C9D12A057D}.Debug|Any CPU.ActiveCfg = Debug|Any CPU
		{7FA547DE-05DB-4E83-8369-82C9D12A057D}.Debug|Any CPU.Build.0 = Debug|Any CPU
		{7FA547DE-05DB-4E83-8369-82C9D12A057D}.Release|Any CPU.ActiveCfg = Release|Any CPU
		{7FA547DE-05DB-4E83-8369-82C9D12A057D}.Release|Any CPU.Build.0 = Release|Any CPU
		{5AB0EFD2-3397-4621-AD80-DA3ED0F109C8}.Debug|Any CPU.ActiveCfg = Debug|Any CPU
		{5AB0EFD2-3397-4621-AD80-DA3ED0F109C8}.Debug|Any CPU.Build.0 = Debug|Any CPU
		{5AB0EFD2-3397-4621-AD80-DA3ED0F109C8}.Release|Any CPU.ActiveCfg = Release|Any CPU
		{5AB0EFD2-3397-4621-AD80-DA3ED0F109C8}.Release|Any CPU.Build.0 = Release|Any CPU
	EndGlobalSection
	GlobalSection(SolutionProperties) = preSolution
		HideSolutionNode = FALSE
	EndGlobalSection
	GlobalSection(NestedProjects) = preSolution
		{88787E1D-F539-4906-A12E-E505DBFA7A29} = {D4D1D486-6345-4B0D-A793-3E3A980283EE}
		{A57FF8F3-1166-412D-BE22-4E4DB03E1E5B} = {74173135-3664-4CEC-B82B-E868C3C08ED1}
		{7FA547DE-05DB-4E83-8369-82C9D12A057D} = {74173135-3664-4CEC-B82B-E868C3C08ED1}
		{5AB0EFD2-3397-4621-AD80-DA3ED0F109C8} = {39F64831-B46F-41DD-B49E-01621ECC6BC9}
	EndGlobalSection
	GlobalSection(ExtensibilityGlobals) = postSolution
		SolutionGuid = {0DD882C2-0962-4C41-B242-BC8230E0C0EE}
	EndGlobalSection
EndGlobal
